// !$*UTF8*$!
{
	archiveVersion = 1;
	classes = {
	};
	objectVersion = 77;
	objects = {

/* Begin PBXBuildFile section */
		75161E792E209D28001EBE9A /* CoreBluetooth.framework in Frameworks */ = {isa = PBXBuildFile; fileRef = 75161E782E209D28001EBE9A /* CoreBluetooth.framework */; };
		753D8D412E7D3E7100EE0F87 /* ApplicationServices.framework in Frameworks */ = {isa = PBXBuildFile; fileRef = 753D8D402E7D3E7100EE0F87 /* ApplicationServices.framework */; };
		7541691F2E5C80C900B26A2B /* libhidapi.a in Frameworks */ = {isa = PBXBuildFile; fileRef = 7541691E2E5C80C900B26A2B /* libhidapi.a */; };
		754169AF2E7BEBF400B26A2B /* IOBluetooth.framework in Frameworks */ = {isa = PBXBuildFile; fileRef = 754169AE2E7BEBF300B26A2B /* IOBluetooth.framework */; };
		754169B12E7C559B00B26A2B /* libsqlite3.tbd in Frameworks */ = {isa = PBXBuildFile; fileRef = 754169B02E7C559B00B26A2B /* libsqlite3.tbd */; };
		75D53D9F2E0CDB630012D334 /* IOKit.framework in Frameworks */ = {isa = PBXBuildFile; fileRef = 75D53D9E2E0CDB630012D334 /* IOKit.framework */; };
		75D53DA12E0CDB6A0012D334 /* CoreFoundation.framework in Frameworks */ = {isa = PBXBuildFile; fileRef = 75D53DA02E0CDB6A0012D334 /* CoreFoundation.framework */; };
/* End PBXBuildFile section */

/* Begin PBXCopyFilesBuildPhase section */
		7541691D2E5C7EC400B26A2B /* Embed Libraries */ = {
			isa = PBXCopyFilesBuildPhase;
			buildActionMask = 2147483647;
			dstPath = "";
			dstSubfolderSpec = 10;
			files = (
			);
			name = "Embed Libraries";
			runOnlyForDeploymentPostprocessing = 0;
		};
		75D53D912E0CD9FE0012D334 /* CopyFiles */ = {
			isa = PBXCopyFilesBuildPhase;
			buildActionMask = 2147483647;
			dstPath = /usr/share/man/man1/;
			dstSubfolderSpec = 0;
			files = (
			);
			runOnlyForDeploymentPostprocessing = 1;
		};
/* End PBXCopyFilesBuildPhase section */

/* Begin PBXFileReference section */
		75161E782E209D28001EBE9A /* CoreBluetooth.framework */ = {isa = PBXFileReference; lastKnownFileType = wrapper.framework; name = CoreBluetooth.framework; path = System/Library/Frameworks/CoreBluetooth.framework; sourceTree = SDKROOT; };
		753D8D402E7D3E7100EE0F87 /* ApplicationServices.framework */ = {isa = PBXFileReference; lastKnownFileType = wrapper.framework; name = ApplicationServices.framework; path = System/Library/Frameworks/ApplicationServices.framework; sourceTree = SDKROOT; };
		7541691A2E5C7E4300B26A2B /* libhidapi.0.15.0.dylib */ = {isa = PBXFileReference; lastKnownFileType = "compiled.mach-o.dylib"; name = libhidapi.0.15.0.dylib; path = ../../../../../usr/local/Cellar/hidapi/0.15.0/lib/libhidapi.0.15.0.dylib; sourceTree = "<group>"; };
		7541691E2E5C80C900B26A2B /* libhidapi.a */ = {isa = PBXFileReference; lastKnownFileType = archive.ar; path = libhidapi.a; sourceTree = "<group>"; };
		754169AE2E7BEBF300B26A2B /* IOBluetooth.framework */ = {isa = PBXFileReference; lastKnownFileType = wrapper.framework; name = IOBluetooth.framework; path = System/Library/Frameworks/IOBluetooth.framework; sourceTree = SDKROOT; };
		754169B02E7C559B00B26A2B /* libsqlite3.tbd */ = {isa = PBXFileReference; lastKnownFileType = "sourcecode.text-based-dylib-definition"; name = libsqlite3.tbd; path = usr/lib/libsqlite3.tbd; sourceTree = SDKROOT; };
		75D53D932E0CD9FE0012D334 /* VoiceMouseDecode */ = {isa = PBXFileReference; explicitFileType = "compiled.mach-o.executable"; includeInIndex = 0; path = VoiceMouseDecode; sourceTree = BUILT_PRODUCTS_DIR; };
		75D53D9E2E0CDB630012D334 /* IOKit.framework */ = {isa = PBXFileReference; lastKnownFileType = wrapper.framework; name = IOKit.framework; path = System/Library/Frameworks/IOKit.framework; sourceTree = SDKROOT; };
		75D53DA02E0CDB6A0012D334 /* CoreFoundation.framework */ = {isa = PBXFileReference; lastKnownFileType = wrapper.framework; name = CoreFoundation.framework; path = System/Library/Frameworks/CoreFoundation.framework; sourceTree = SDKROOT; };
/* End PBXFileReference section */

/* Begin PBXFileSystemSynchronizedRootGroup section */
		75D53D952E0CD9FE0012D334 /* VoiceMouseDecode */ = {
			isa = PBXFileSystemSynchronizedRootGroup;
			path = VoiceMouseDecode;
			sourceTree = "<group>";
		};
/* End PBXFileSystemSynchronizedRootGroup section */

/* Begin PBXFrameworksBuildPhase section */
		75D53D902E0CD9FE0012D334 /* Frameworks */ = {
			isa = PBXFrameworksBuildPhase;
			buildActionMask = 2147483647;
			files = (
				753D8D412E7D3E7100EE0F87 /* ApplicationServices.framework in Frameworks */,
				754169B12E7C559B00B26A2B /* libsqlite3.tbd in Frameworks */,
				754169AF2E7BEBF400B26A2B /* IOBluetooth.framework in Frameworks */,
				7541691F2E5C80C900B26A2B /* libhidapi.a in Frameworks */,
				75161E792E209D28001EBE9A /* CoreBluetooth.framework in Frameworks */,
				75D53DA12E0CDB6A0012D334 /* CoreFoundation.framework in Frameworks */,
				75D53D9F2E0CDB630012D334 /* IOKit.framework in Frameworks */,
			);
			runOnlyForDeploymentPostprocessing = 0;
		};
/* End PBXFrameworksBuildPhase section */

/* Begin PBXGroup section */
		75D53D8A2E0CD9FE0012D334 = {
			isa = PBXGroup;
			children = (
				75D53D952E0CD9FE0012D334 /* VoiceMouseDecode */,
				75D53D9D2E0CDB620012D334 /* Frameworks */,
				75D53D942E0CD9FE0012D334 /* Products */,
			);
			sourceTree = "<group>";
		};
		75D53D942E0CD9FE0012D334 /* Products */ = {
			isa = PBXGroup;
			children = (
				75D53D932E0CD9FE0012D334 /* VoiceMouseDecode */,
			);
			name = Products;
			sourceTree = "<group>";
		};
		75D53D9D2E0CDB620012D334 /* Frameworks */ = {
			isa = PBXGroup;
			children = (
				753D8D402E7D3E7100EE0F87 /* ApplicationServices.framework */,
				754169B02E7C559B00B26A2B /* libsqlite3.tbd */,
				754169AE2E7BEBF300B26A2B /* IOBluetooth.framework */,
				7541691A2E5C7E4300B26A2B /* libhidapi.0.15.0.dylib */,
				75161E782E209D28001EBE9A /* CoreBluetooth.framework */,
				75D53DA02E0CDB6A0012D334 /* CoreFoundation.framework */,
				75D53D9E2E0CDB630012D334 /* IOKit.framework */,
				7541691E2E5C80C900B26A2B /* libhidapi.a */,
			);
			name = Frameworks;
			sourceTree = "<group>";
		};
/* End PBXGroup section */

/* Begin PBXNativeTarget section */
		75D53D922E0CD9FE0012D334 /* VoiceMouseDecode */ = {
			isa = PBXNativeTarget;
			buildConfigurationList = 75D53D9A2E0CD9FE0012D334 /* Build configuration list for PBXNativeTarget "VoiceMouseDecode" */;
			buildPhases = (
				75D53D8F2E0CD9FE0012D334 /* Sources */,
				75D53D902E0CD9FE0012D334 /* Frameworks */,
				75D53D912E0CD9FE0012D334 /* CopyFiles */,
				7541691D2E5C7EC400B26A2B /* Embed Libraries */,
			);
			buildRules = (
			);
			dependencies = (
			);
			fileSystemSynchronizedGroups = (
				75D53D952E0CD9FE0012D334 /* VoiceMouseDecode */,
			);
			name = VoiceMouseDecode;
			packageProductDependencies = (
			);
			productName = VoiceMouseDecode;
			productReference = 75D53D932E0CD9FE0012D334 /* VoiceMouseDecode */;
			productType = "com.apple.product-type.tool";
		};
/* End PBXNativeTarget section */

/* Begin PBXProject section */
		75D53D8B2E0CD9FE0012D334 /* Project object */ = {
			isa = PBXProject;
			attributes = {
				BuildIndependentTargetsInParallel = 1;
				LastSwiftUpdateCheck = 1640;
				LastUpgradeCheck = 1640;
				TargetAttributes = {
					75D53D922E0CD9FE0012D334 = {
						CreatedOnToolsVersion = 16.4;
					};
				};
			};
			buildConfigurationList = 75D53D8E2E0CD9FE0012D334 /* Build configuration list for PBXProject "VoiceMouseDecode" */;
			developmentRegion = en;
			hasScannedForEncodings = 0;
			knownRegions = (
				en,
				Base,
			);
			mainGroup = 75D53D8A2E0CD9FE0012D334;
			minimizedProjectReferenceProxies = 1;
			preferredProjectObjectVersion = 77;
			productRefGroup = 75D53D942E0CD9FE0012D334 /* Products */;
			projectDirPath = "";
			projectRoot = "";
			targets = (
				75D53D922E0CD9FE0012D334 /* VoiceMouseDecode */,
			);
		};
/* End PBXProject section */

/* Begin PBXSourcesBuildPhase section */
		75D53D8F2E0CD9FE0012D334 /* Sources */ = {
			isa = PBXSourcesBuildPhase;
			buildActionMask = 2147483647;
			files = (
			);
			runOnlyForDeploymentPostprocessing = 0;
		};
/* End PBXSourcesBuildPhase section */

/* Begin XCBuildConfiguration section */
		75D53D982E0CD9FE0012D334 /* Debug */ = {
			isa = XCBuildConfiguration;
			buildSettings = {
				ALWAYS_SEARCH_USER_PATHS = NO;
				ARCHS = (
					"$(ARCHS_STANDARD)",
					"\"Standard Architectures (arm64, x86_64)\"",
				);
				ASSETCATALOG_COMPILER_GENERATE_SWIFT_ASSET_SYMBOL_EXTENSIONS = YES;
				CLANG_ANALYZER_NONNULL = YES;
				CLANG_ANALYZER_NUMBER_OBJECT_CONVERSION = YES_AGGRESSIVE;
				CLANG_CXX_LANGUAGE_STANDARD = "gnu++20";
				CLANG_ENABLE_MODULES = YES;
				CLANG_ENABLE_OBJC_ARC = YES;
				CLANG_ENABLE_OBJC_WEAK = YES;
				CLANG_WARN_BLOCK_CAPTURE_AUTORELEASING = YES;
				CLANG_WARN_BOOL_CONVERSION = YES;
				CLANG_WARN_COMMA = YES;
				CLANG_WARN_CONSTANT_CONVERSION = YES;
				CLANG_WARN_DEPRECATED_OBJC_IMPLEMENTATIONS = YES;
				CLANG_WARN_DIRECT_OBJC_ISA_USAGE = YES_ERROR;
				CLANG_WARN_DOCUMENTATION_COMMENTS = YES;
				CLANG_WARN_EMPTY_BODY = YES;
				CLANG_WARN_ENUM_CONVERSION = YES;
				CLANG_WARN_INFINITE_RECURSION = YES;
				CLANG_WARN_INT_CONVERSION = YES;
				CLANG_WARN_NON_LITERAL_NULL_CONVERSION = YES;
				CLANG_WARN_OBJC_IMPLICIT_RETAIN_SELF = YES;
				CLANG_WARN_OBJC_LITERAL_CONVERSION = YES;
				CLANG_WARN_OBJC_ROOT_CLASS = YES_ERROR;
				CLANG_WARN_QUOTED_INCLUDE_IN_FRAMEWORK_HEADER = YES;
				CLANG_WARN_RANGE_LOOP_ANALYSIS = YES;
				CLANG_WARN_STRICT_PROTOTYPES = YES;
				CLANG_WARN_SUSPICIOUS_MOVE = YES;
				CLANG_WARN_UNGUARDED_AVAILABILITY = YES_AGGRESSIVE;
				CLANG_WARN_UNREACHABLE_CODE = YES;
				CLANG_WARN__DUPLICATE_METHOD_MATCH = YES;
				COPY_PHASE_STRIP = NO;
				DEBUG_INFORMATION_FORMAT = dwarf;
				DEVELOPMENT_TEAM = GXHLAF5S27;
				ENABLE_STRICT_OBJC_MSGSEND = YES;
				ENABLE_TESTABILITY = YES;
				ENABLE_USER_SCRIPT_SANDBOXING = YES;
				GCC_C_LANGUAGE_STANDARD = gnu17;
				GCC_DYNAMIC_NO_PIC = NO;
				GCC_NO_COMMON_BLOCKS = YES;
				GCC_OPTIMIZATION_LEVEL = 0;
				GCC_PREPROCESSOR_DEFINITIONS = (
					"DEBUG=1",
					"$(inherited)",
				);
				GCC_WARN_64_TO_32_BIT_CONVERSION = YES;
				GCC_WARN_ABOUT_RETURN_TYPE = YES_ERROR;
				GCC_WARN_UNDECLARED_SELECTOR = YES;
				GCC_WARN_UNINITIALIZED_AUTOS = YES_AGGRESSIVE;
				GCC_WARN_UNUSED_FUNCTION = YES;
				GCC_WARN_UNUSED_VARIABLE = YES;
				HEADER_SEARCH_PATHS = (
					"/usr/local/Cellar/nlohmann-json/**",
					"/usr/local/Cellar/hidapi/0.15.0/include/**",
				);
				LIBRARY_SEARCH_PATHS = "";
				LOCALIZATION_PREFERS_STRING_CATALOGS = YES;
				MACOSX_DEPLOYMENT_TARGET = 15.5;
				MTL_ENABLE_DEBUG_INFO = INCLUDE_SOURCE;
				MTL_FAST_MATH = YES;
				ONLY_ACTIVE_ARCH = NO;
				SDKROOT = macosx;
			};
			name = Debug;
		};
		75D53D992E0CD9FE0012D334 /* Release */ = {
			isa = XCBuildConfiguration;
			buildSettings = {
				ALWAYS_SEARCH_USER_PATHS = NO;
				ARCHS = (
					"$(ARCHS_STANDARD)",
					"\"Standard Architectures (arm64, x86_64)\"",
				);
				ASSETCATALOG_COMPILER_GENERATE_SWIFT_ASSET_SYMBOL_EXTENSIONS = YES;
				CLANG_ANALYZER_NONNULL = YES;
				CLANG_ANALYZER_NUMBER_OBJECT_CONVERSION = YES_AGGRESSIVE;
				CLANG_CXX_LANGUAGE_STANDARD = "gnu++20";
				CLANG_ENABLE_MODULES = YES;
				CLANG_ENABLE_OBJC_ARC = YES;
				CLANG_ENABLE_OBJC_WEAK = YES;
				CLANG_WARN_BLOCK_CAPTURE_AUTORELEASING = YES;
				CLANG_WARN_BOOL_CONVERSION = YES;
				CLANG_WARN_COMMA = YES;
				CLANG_WARN_CONSTANT_CONVERSION = YES;
				CLANG_WARN_DEPRECATED_OBJC_IMPLEMENTATIONS = YES;
				CLANG_WARN_DIRECT_OBJC_ISA_USAGE = YES_ERROR;
				CLANG_WARN_DOCUMENTATION_COMMENTS = YES;
				CLANG_WARN_EMPTY_BODY = YES;
				CLANG_WARN_ENUM_CONVERSION = YES;
				CLANG_WARN_INFINITE_RECURSION = YES;
				CLANG_WARN_INT_CONVERSION = YES;
				CLANG_WARN_NON_LITERAL_NULL_CONVERSION = YES;
				CLANG_WARN_OBJC_IMPLICIT_RETAIN_SELF = YES;
				CLANG_WARN_OBJC_LITERAL_CONVERSION = YES;
				CLANG_WARN_OBJC_ROOT_CLASS = YES_ERROR;
				CLANG_WARN_QUOTED_INCLUDE_IN_FRAMEWORK_HEADER = YES;
				CLANG_WARN_RANGE_LOOP_ANALYSIS = YES;
				CLANG_WARN_STRICT_PROTOTYPES = YES;
				CLANG_WARN_SUSPICIOUS_MOVE = YES;
				CLANG_WARN_UNGUARDED_AVAILABILITY = YES_AGGRESSIVE;
				CLANG_WARN_UNREACHABLE_CODE = YES;
				CLANG_WARN__DUPLICATE_METHOD_MATCH = YES;
				COPY_PHASE_STRIP = NO;
				DEBUG_INFORMATION_FORMAT = "dwarf-with-dsym";
				DEVELOPMENT_TEAM = GXHLAF5S27;
				ENABLE_NS_ASSERTIONS = NO;
				ENABLE_STRICT_OBJC_MSGSEND = YES;
				ENABLE_USER_SCRIPT_SANDBOXING = YES;
				GCC_C_LANGUAGE_STANDARD = gnu17;
				GCC_NO_COMMON_BLOCKS = YES;
				GCC_WARN_64_TO_32_BIT_CONVERSION = YES;
				GCC_WARN_ABOUT_RETURN_TYPE = YES_ERROR;
				GCC_WARN_UNDECLARED_SELECTOR = YES;
				GCC_WARN_UNINITIALIZED_AUTOS = YES_AGGRESSIVE;
				GCC_WARN_UNUSED_FUNCTION = YES;
				GCC_WARN_UNUSED_VARIABLE = YES;
				HEADER_SEARCH_PATHS = (
					"/usr/local/Cellar/nlohmann-json/**",
					"/usr/local/Cellar/hidapi/0.15.0/include/**",
				);
				LIBRARY_SEARCH_PATHS = "";
				LOCALIZATION_PREFERS_STRING_CATALOGS = YES;
				MACOSX_DEPLOYMENT_TARGET = 15.5;
				MTL_ENABLE_DEBUG_INFO = NO;
				MTL_FAST_MATH = YES;
				ONLY_ACTIVE_ARCH = NO;
				SDKROOT = macosx;
			};
			name = Release;
		};
		75D53D9B2E0CD9FE0012D334 /* Debug */ = {
			isa = XCBuildConfiguration;
			buildSettings = {
				ARCHS = (
					"$(ARCHS_STANDARD)",
					"\"Standard Architectures (arm64, x86_64\"",
				);
				CODE_SIGN_STYLE = Automatic;
				DEVELOPMENT_TEAM = GXHLAF5S27;
				ENABLE_HARDENED_RUNTIME = YES;
				HEADER_SEARCH_PATHS = "/usr/local/Cellar/nlohmann-json/**";
				LIBRARY_SEARCH_PATHS = (
					"$(inherited)",
					"$(PROJECT_DIR)",
				);
				ONLY_ACTIVE_ARCH = NO;
				OTHER_LDFLAGS = /Users/qianqianzu/Desktop/hidapi/build/src/mac/libhidapi.a;
				PRODUCT_NAME = "$(TARGET_NAME)";
			};
			name = Debug;
		};
		75D53D9C2E0CD9FE0012D334 /* Release */ = {
			isa = XCBuildConfiguration;
			buildSettings = {
				ARCHS = (
					"$(ARCHS_STANDARD)",
					"\"Standard Architectures (arm64, x86_64\"",
				);
				CODE_SIGN_STYLE = Automatic;
				DEVELOPMENT_TEAM = GXHLAF5S27;
				ENABLE_HARDENED_RUNTIME = YES;
				HEADER_SEARCH_PATHS = "/usr/local/Cellar/nlohmann-json/**";
				LIBRARY_SEARCH_PATHS = (
					"$(inherited)",
					"$(PROJECT_DIR)",
				);
				ONLY_ACTIVE_ARCH = NO;
				OTHER_LDFLAGS = /Users/qianqianzu/Desktop/hidapi/build/src/mac/libhidapi.a;
				PRODUCT_NAME = "$(TARGET_NAME)";
			};
			name = Release;
		};
/* End XCBuildConfiguration section */

/* Begin XCConfigurationList section */
		75D53D8E2E0CD9FE0012D334 /* Build configuration list for PBXProject "VoiceMouseDecode" */ = {
			isa = XCConfigurationList;
			buildConfigurations = (
				75D53D982E0CD9FE0012D334 /* Debug */,
				75D53D992E0CD9FE0012D334 /* Release */,
			);
			defaultConfigurationIsVisible = 0;
			defaultConfigurationName = Release;
		};
		75D53D9A2E0CD9FE0012D334 /* Build configuration list for PBXNativeTarget "VoiceMouseDecode" */ = {
			isa = XCConfigurationList;
			buildConfigurations = (
				75D53D9B2E0CD9FE0012D334 /* Debug */,
				75D53D9C2E0CD9FE0012D334 /* Release */,
			);
			defaultConfigurationIsVisible = 0;
			defaultConfigurationName = Release;
		};
/* End XCConfigurationList section */
	};
	rootObject = 75D53D8B2E0CD9FE0012D334 /* Project object */;
}
